
Microsoft Visual Studio Solution File, Format Version 12.00
# Visual Studio Version 16
VisualStudioVersion = 16.0.30523.141
MinimumVisualStudioVersion = 10.0.40219.1
Project("{FAE04EC0-301F-11D3-BF4B-00C04F79EFBC}") = "notify-telegram", "notify-telegram\notify-telegram.csproj", "{0CEB710D-1A1E-47E7-B513-D5A2D04289E5}"
EndProject
Global
	GlobalSection(SolutionConfigurationPlatforms) = preSolution
		Debug|Any CPU = Debug|Any CPU
		Release|Any CPU = Release|Any CPU
	EndGlobalSection
	GlobalSection(ProjectConfigurationPlatforms) = postSolution
		{0CEB710D-1A1E-47E7-B513-D5A2D04289E5}.Debug|Any CPU.ActiveCfg = Debug|Any CPU
		{0CEB710D-1A1E-47E7-B513-D5A2D04289E5}.Debug|Any CPU.Build.0 = Debug|Any CPU
		{0CEB710D-1A1E-47E7-B513-D5A2D04289E5}.Release|Any CPU.ActiveCfg = Release|Any CPU
		{0CEB710D-1A1E-47E7-B513-D5A2D04289E5}.Release|Any CPU.Build.0 = Release|Any CPU
	EndGlobalSection
	GlobalSection(SolutionProperties) = preSolution
		HideSolutionNode = FALSE
	EndGlobalSection
	GlobalSection(ExtensibilityGlobals) = postSolution
		SolutionGuid = {38B1D8F2-0B19-4466-B6BD-9ABB605A2EFF}
	EndGlobalSection
EndGlobal
